// !$*UTF8*$!
{
	archiveVersion = 1;
	classes = {
	};
	objectVersion = 46;
	objects = {

/* Begin PBXBuildFile section */
		DB3ABBBB1A879A3F000AAB55 /* AppDelegate.swift in Sources */ = {isa = PBXBuildFile; fileRef = DB3ABBBA1A879A3F000AAB55 /* AppDelegate.swift */; };
		DB3ABBBD1A879A3F000AAB55 /* ViewController.swift in Sources */ = {isa = PBXBuildFile; fileRef = DB3ABBBC1A879A3F000AAB55 /* ViewController.swift */; };
		DB3ABBC01A879A3F000AAB55 /* Main.storyboard in Resources */ = {isa = PBXBuildFile; fileRef = DB3ABBBE1A879A3F000AAB55 /* Main.storyboard */; };
		DB3ABBC21A879A3F000AAB55 /* Images.xcassets in Resources */ = {isa = PBXBuildFile; fileRef = DB3ABBC11A879A3F000AAB55 /* Images.xcassets */; };
		DB3ABBC51A879A3F000AAB55 /* LaunchScreen.xib in Resources */ = {isa = PBXBuildFile; fileRef = DB3ABBC31A879A3F000AAB55 /* LaunchScreen.xib */; };
		DB3ABBD11A879A3F000AAB55 /* SwiftTestTests.swift in Sources */ = {isa = PBXBuildFile; fileRef = DB3ABBD01A879A3F000AAB55 /* SwiftTestTests.swift */; };
/* End PBXBuildFile section */

/* Begin PBXContainerItemProxy section */
		DB3ABBCB1A879A3F000AAB55 /* PBXContainerItemProxy */ = {
			isa = PBXContainerItemProxy;
			containerPortal = DB3ABBAD1A879A3F000AAB55 /* Project object */;
			proxyType = 1;
			remoteGlobalIDString = DB3ABBB41A879A3F000AAB55;
			remoteInfo = SwiftTest;
		};
/* End PBXContainerItemProxy section */

/* Begin PBXFileReference section */
		DB3ABBB51A879A3F000AAB55 /* SwiftTest.app */ = {isa = PBXFileReference; explicitFileType = wrapper.application; includeInIndex = 0; path = SwiftTest.app; sourceTree = BUILT_PRODUCTS_DIR; };
		DB3ABBB91A879A3F000AAB55 /* Info.plist */ = {isa = PBXFileReference; lastKnownFileType = text.plist.xml; path = Info.plist; sourceTree = "<group>"; };
		DB3ABBBA1A879A3F000AAB55 /* AppDelegate.swift */ = {isa = PBXFileReference; lastKnownFileType = sourcecode.swift; path = AppDelegate.swift; sourceTree = "<group>"; };
		DB3ABBBC1A879A3F000AAB55 /* ViewController.swift */ = {isa = PBXFileReference; lastKnownFileType = sourcecode.swift; path = ViewController.swift; sourceTree = "<group>"; };
		DB3ABBBF1A879A3F000AAB55 /* Base */ = {isa = PBXFileReference; lastKnownFileType = file.storyboard; name = Base; path = Base.lproj/Main.storyboard; sourceTree = "<group>"; };
		DB3ABBC11A879A3F000AAB55 /* Images.xcassets */ = {isa = PBXFileReference; lastKnownFileType = folder.assetcatalog; path = Images.xcassets; sourceTree = "<group>"; };
		DB3ABBC41A879A3F000AAB55 /* Base */ = {isa = PBXFileReference; lastKnownFileType = file.xib; name = Base; path = Base.lproj/LaunchScreen.xib; sourceTree = "<group>"; };
		DB3ABBCA1A879A3F000AAB55 /* SwiftTestTests.xctest */ = {isa = PBXFileReference; explicitFileType = wrapper.cfbundle; includeInIndex = 0; path = SwiftTestTests.xctest; sourceTree = BUILT_PRODUCTS_DIR; };
		DB3ABBCF1A879A3F000AAB55 /* Info.plist */ = {isa = PBXFileReference; lastKnownFileType = text.plist.xml; path = Info.plist; sourceTree = "<group>"; };
		DB3ABBD01A879A3F000AAB55 /* SwiftTestTests.swift */ = {isa = PBXFileReference; lastKnownFileType = sourcecode.swift; path = SwiftTestTests.swift; sourceTree = "<group>"; };
/* End PBXFileReference section */

/* Begin PBXFrameworksBuildPhase section */
		DB3ABBB21A879A3F000AAB55 /* Frameworks */ = {
			isa = PBXFrameworksBuildPhase;
			buildActionMask = 2147483647;
			files = (
			);
			runOnlyForDeploymentPostprocessing = 0;
		};
		DB3ABBC71A879A3F000AAB55 /* Frameworks */ = {
			isa = PBXFrameworksBuildPhase;
			buildActionMask = 2147483647;
			files = (
			);
			runOnlyForDeploymentPostprocessing = 0;
		};
/* End PBXFrameworksBuildPhase section */

/* Begin PBXGroup section */
		DB3ABBAC1A879A3F000AAB55 = {
			isa = PBXGroup;
			children = (
				DB3ABBB71A879A3F000AAB55 /* SwiftTest */,
				DB3ABBCD1A879A3F000AAB55 /* SwiftTestTests */,
				DB3ABBB61A879A3F000AAB55 /* Products */,
			);
			sourceTree = "<group>";
		};
		DB3ABBB61A879A3F000AAB55 /* Products */ = {
			isa = PBXGroup;
			children = (
				DB3ABBB51A879A3F000AAB55 /* SwiftTest.app */,
				DB3ABBCA1A879A3F000AAB55 /* SwiftTestTests.xctest */,
			);
			name = Products;
			sourceTree = "<group>";
		};
		DB3ABBB71A879A3F000AAB55 /* SwiftTest */ = {
			isa = PBXGroup;
			children = (
				DB3ABBBA1A879A3F000AAB55 /* AppDelegate.swift */,
				DB3ABBBC1A879A3F000AAB55 /* ViewController.swift */,
				DB3ABBBE1A879A3F000AAB55 /* Main.storyboard */,
				DB3ABBC11A879A3F000AAB55 /* Images.xcassets */,
				DB3ABBC31A879A3F000AAB55 /* LaunchScreen.xib */,
				DB3ABBB81A879A3F000AAB55 /* Supporting Files */,
			);
			path = SwiftTest;
			sourceTree = "<group>";
		};
		DB3ABBB81A879A3F000AAB55 /* Supporting Files */ = {
			isa = PBXGroup;
			children = (
				DB3ABBB91A879A3F000AAB55 /* Info.plist */,
			);
			name = "Supporting Files";
			sourceTree = "<group>";
		};
		DB3ABBCD1A879A3F000AAB55 /* SwiftTestTests */ = {
			isa = PBXGroup;
			children = (
				DB3ABBD01A879A3F000AAB55 /* SwiftTestTests.swift */,
				DB3ABBCE1A879A3F000AAB55 /* Supporting Files */,
			);
			path = SwiftTestTests;
			sourceTree = "<group>";
		};
		DB3ABBCE1A879A3F000AAB55 /* Supporting Files */ = {
			isa = PBXGroup;
			children = (
				DB3ABBCF1A879A3F000AAB55 /* Info.plist */,
			);
			name = "Supporting Files";
			sourceTree = "<group>";
		};
/* End PBXGroup section */

/* Begin PBXNativeTarget section */
		DB3ABBB41A879A3F000AAB55 /* SwiftTest */ = {
			isa = PBXNativeTarget;
			buildConfigurationList = DB3ABBD41A879A3F000AAB55 /* Build configuration list for PBXNativeTarget "SwiftTest" */;
			buildPhases = (
				DB3ABBB11A879A3F000AAB55 /* Sources */,
				DB3ABBB21A879A3F000AAB55 /* Frameworks */,
				DB3ABBB31A879A3F000AAB55 /* Resources */,
			);
			buildRules = (
			);
			dependencies = (
			);
			name = SwiftTest;
			productName = SwiftTest;
			productReference = DB3ABBB51A879A3F000AAB55 /* SwiftTest.app */;
			productType = "com.apple.product-type.application";
		};
		DB3ABBC91A879A3F000AAB55 /* SwiftTestTests */ = {
			isa = PBXNativeTarget;
			buildConfigurationList = DB3ABBD71A879A3F000AAB55 /* Build configuration list for PBXNativeTarget "SwiftTestTests" */;
			buildPhases = (
				DB3ABBC61A879A3F000AAB55 /* Sources */,
				DB3ABBC71A879A3F000AAB55 /* Frameworks */,
				DB3ABBC81A879A3F000AAB55 /* Resources */,
			);
			buildRules = (
			);
			dependencies = (
				DB3ABBCC1A879A3F000AAB55 /* PBXTargetDependency */,
			);
			name = SwiftTestTests;
			productName = SwiftTestTests;
			productReference = DB3ABBCA1A879A3F000AAB55 /* SwiftTestTests.xctest */;
			productType = "com.apple.product-type.bundle.unit-test";
		};
/* End PBXNativeTarget section */

/* Begin PBXProject section */
		DB3ABBAD1A879A3F000AAB55 /* Project object */ = {
			isa = PBXProject;
			attributes = {
				LastUpgradeCheck = 0610;
				ORGANIZATIONNAME = "Yutaro OBAYASHI";
				TargetAttributes = {
					DB3ABBB41A879A3F000AAB55 = {
						CreatedOnToolsVersion = 6.1;
					};
					DB3ABBC91A879A3F000AAB55 = {
						CreatedOnToolsVersion = 6.1;
						TestTargetID = DB3ABBB41A879A3F000AAB55;
					};
				};
			};
			buildConfigurationList = DB3ABBB01A879A3F000AAB55 /* Build configuration list for PBXProject "SwiftTest" */;
			compatibilityVersion = "Xcode 3.2";
			developmentRegion = English;
			hasScannedForEncodings = 0;
			knownRegions = (
				en,
				Base,
			);
			mainGroup = DB3ABBAC1A879A3F000AAB55;
			productRefGroup = DB3ABBB61A879A3F000AAB55 /* Products */;
			projectDirPath = "";
			projectRoot = "";
			targets = (
				DB3ABBB41A879A3F000AAB55 /* SwiftTest */,
				DB3ABBC91A879A3F000AAB55 /* SwiftTestTests */,
			);
		};
/* End PBXProject section */

/* Begin PBXResourcesBuildPhase section */
		DB3ABBB31A879A3F000AAB55 /* Resources */ = {
			isa = PBXResourcesBuildPhase;
			buildActionMask = 2147483647;
			files = (
				DB3ABBC01A879A3F000AAB55 /* Main.storyboard in Resources */,
				DB3ABBC51A879A3F000AAB55 /* LaunchScreen.xib in Resources */,
				DB3ABBC21A879A3F000AAB55 /* Images.xcassets in Resources */,
			);
			runOnlyForDeploymentPostprocessing = 0;
		};
		DB3ABBC81A879A3F000AAB55 /* Resources */ = {
			isa = PBXResourcesBuildPhase;
			buildActionMask = 2147483647;
			files = (
			);
			runOnlyForDeploymentPostprocessing = 0;
		};
/* End PBXResourcesBuildPhase section */

/* Begin PBXSourcesBuildPhase section */
		DB3ABBB11A879A3F000AAB55 /* Sources */ = {
			isa = PBXSourcesBuildPhase;
			buildActionMask = 2147483647;
			files = (
				DB3ABBBD1A879A3F000AAB55 /* ViewController.swift in Sources */,
				DB3ABBBB1A879A3F000AAB55 /* AppDelegate.swift in Sources */,
			);
			runOnlyForDeploymentPostprocessing = 0;
		};
		DB3ABBC61A879A3F000AAB55 /* Sources */ = {
			isa = PBXSourcesBuildPhase;
			buildActionMask = 2147483647;
			files = (
				DB3ABBD11A879A3F000AAB55 /* SwiftTestTests.swift in Sources */,
			);
			runOnlyForDeploymentPostprocessing = 0;
		};
/* End PBXSourcesBuildPhase section */

/* Begin PBXTargetDependency section */
		DB3ABBCC1A879A3F000AAB55 /* PBXTargetDependency */ = {
			isa = PBXTargetDependency;
			target = DB3ABBB41A879A3F000AAB55 /* SwiftTest */;
			targetProxy = DB3ABBCB1A879A3F000AAB55 /* PBXContainerItemProxy */;
		};
/* End PBXTargetDependency section */

/* Begin PBXVariantGroup section */
		DB3ABBBE1A879A3F000AAB55 /* Main.storyboard */ = {
			isa = PBXVariantGroup;
			children = (
				DB3ABBBF1A879A3F000AAB55 /* Base */,
			);
			name = Main.storyboard;
			sourceTree = "<group>";
		};
		DB3ABBC31A879A3F000AAB55 /* LaunchScreen.xib */ = {
			isa = PBXVariantGroup;
			children = (
				DB3ABBC41A879A3F000AAB55 /* Base */,
			);
			name = LaunchScreen.xib;
			sourceTree = "<group>";
		};
/* End PBXVariantGroup section */

/* Begin XCBuildConfiguration section */
		DB3ABBD21A879A3F000AAB55 /* Debug */ = {
			isa = XCBuildConfiguration;
			buildSettings = {
				ALWAYS_SEARCH_USER_PATHS = NO;
				CLANG_CXX_LANGUAGE_STANDARD = "gnu++0x";
				CLANG_CXX_LIBRARY = "libc++";
				CLANG_ENABLE_MODULES = YES;
				CLANG_ENABLE_OBJC_ARC = YES;
				CLANG_WARN_BOOL_CONVERSION = YES;
				CLANG_WARN_CONSTANT_CONVERSION = YES;
				CLANG_WARN_DIRECT_OBJC_ISA_USAGE = YES_ERROR;
				CLANG_WARN_EMPTY_BODY = YES;
				CLANG_WARN_ENUM_CONVERSION = YES;
				CLANG_WARN_INT_CONVERSION = YES;
				CLANG_WARN_OBJC_ROOT_CLASS = YES_ERROR;
				CLANG_WARN_UNREACHABLE_CODE = YES;
				CLANG_WARN__DUPLICATE_METHOD_MATCH = YES;
				"CODE_SIGN_IDENTITY[sdk=iphoneos*]" = "iPhone Developer";
				COPY_PHASE_STRIP = NO;
				ENABLE_STRICT_OBJC_MSGSEND = YES;
				GCC_C_LANGUAGE_STANDARD = gnu99;
				GCC_DYNAMIC_NO_PIC = NO;
				GCC_OPTIMIZATION_LEVEL = 0;
				GCC_PREPROCESSOR_DEFINITIONS = (
					"DEBUG=1",
					"$(inherited)",
				);
				GCC_SYMBOLS_PRIVATE_EXTERN = NO;
				GCC_WARN_64_TO_32_BIT_CONVERSION = YES;
				GCC_WARN_ABOUT_RETURN_TYPE = YES_ERROR;
				GCC_WARN_UNDECLARED_SELECTOR = YES;
				GCC_WARN_UNINITIALIZED_AUTOS = YES_AGGRESSIVE;
				GCC_WARN_UNUSED_FUNCTION = YES;
				GCC_WARN_UNUSED_VARIABLE = YES;
				IPHONEOS_DEPLOYMENT_TARGET = 8.1;
				MTL_ENABLE_DEBUG_INFO = YES;
				ONLY_ACTIVE_ARCH = YES;
				SDKROOT = iphoneos;
				SWIFT_OPTIMIZATION_LEVEL = "-Onone";
			};
			name = Debug;
		};
		DB3ABBD31A879A3F000AAB55 /* Release */ = {
			isa = XCBuildConfiguration;
			buildSettings = {
				ALWAYS_SEARCH_USER_PATHS = NO;
				CLANG_CXX_LANGUAGE_STANDARD = "gnu++0x";
				CLANG_CXX_LIBRARY = "libc++";
				CLANG_ENABLE_MODULES = YES;
				CLANG_ENABLE_OBJC_ARC = YES;
				CLANG_WARN_BOOL_CONVERSION = YES;
				CLANG_WARN_CONSTANT_CONVERSION = YES;
				CLANG_WARN_DIRECT_OBJC_ISA_USAGE = YES_ERROR;
				CLANG_WARN_EMPTY_BODY = YES;
				CLANG_WARN_ENUM_CONVERSION = YES;
				CLANG_WARN_INT_CONVERSION = YES;
				CLANG_WARN_OBJC_ROOT_CLASS = YES_ERROR;
				CLANG_WARN_UNREACHABLE_CODE = YES;
				CLANG_WARN__DUPLICATE_METHOD_MATCH = YES;
				"CODE_SIGN_IDENTITY[sdk=iphoneos*]" = "iPhone Developer";
				COPY_PHASE_STRIP = YES;
				ENABLE_NS_ASSERTIONS = NO;
				ENABLE_STRICT_OBJC_MSGSEND = YES;
				GCC_C_LANGUAGE_STANDARD = gnu99;
				GCC_WARN_64_TO_32_BIT_CONVERSION = YES;
				GCC_WARN_ABOUT_RETURN_TYPE = YES_ERROR;
				GCC_WARN_UNDECLARED_SELECTOR = YES;
				GCC_WARN_UNINITIALIZED_AUTOS = YES_AGGRESSIVE;
				GCC_WARN_UNUSED_FUNCTION = YES;
				GCC_WARN_UNUSED_VARIABLE = YES;
				IPHONEOS_DEPLOYMENT_TARGET = 8.1;
				MTL_ENABLE_DEBUG_INFO = NO;
				SDKROOT = iphoneos;
				VALIDATE_PRODUCT = YES;
			};
			name = Release;
		};
		DB3ABBD51A879A3F000AAB55 /* Debug */ = {
			isa = XCBuildConfiguration;
			buildSettings = {
				ASSETCATALOG_COMPILER_APPICON_NAME = AppIcon;
				INFOPLIST_FILE = SwiftTest/Info.plist;
				LD_RUNPATH_SEARCH_PATHS = "$(inherited) @executable_path/Frameworks";
				PRODUCT_NAME = "$(TARGET_NAME)";
			};
			name = Debug;
		};
		DB3ABBD61A879A3F000AAB55 /* Release */ = {
			isa = XCBuildConfiguration;
			buildSettings = {
				ASSETCATALOG_COMPILER_APPICON_NAME = AppIcon;
				INFOPLIST_FILE = SwiftTest/Info.plist;
				LD_RUNPATH_SEARCH_PATHS = "$(inherited) @executable_path/Frameworks";
				PRODUCT_NAME = "$(TARGET_NAME)";
			};
			name = Release;
		};
		DB3ABBD81A879A3F000AAB55 /* Debug */ = {
			isa = XCBuildConfiguration;
			buildSettings = {
				BUNDLE_LOADER = "$(TEST_HOST)";
				FRAMEWORK_SEARCH_PATHS = (
					"$(SDKROOT)/Developer/Library/Frameworks",
					"$(inherited)",
				);
				GCC_PREPROCESSOR_DEFINITIONS = (
					"DEBUG=1",
					"$(inherited)",
				);
				INFOPLIST_FILE = SwiftTestTests/Info.plist;
				LD_RUNPATH_SEARCH_PATHS = "$(inherited) @executable_path/Frameworks @loader_path/Frameworks";
				PRODUCT_NAME = "$(TARGET_NAME)";
				TEST_HOST = "$(BUILT_PRODUCTS_DIR)/SwiftTest.app/SwiftTest";
			};
			name = Debug;
		};
		DB3ABBD91A879A3F000AAB55 /* Release */ = {
			isa = XCBuildConfiguration;
			buildSettings = {
				BUNDLE_LOADER = "$(TEST_HOST)";
				FRAMEWORK_SEARCH_PATHS = (
					"$(SDKROOT)/Developer/Library/Frameworks",
					"$(inherited)",
				);
				INFOPLIST_FILE = SwiftTestTests/Info.plist;
				LD_RUNPATH_SEARCH_PATHS = "$(inherited) @executable_path/Frameworks @loader_path/Frameworks";
				PRODUCT_NAME = "$(TARGET_NAME)";
				TEST_HOST = "$(BUILT_PRODUCTS_DIR)/SwiftTest.app/SwiftTest";
			};
			name = Release;
		};
/* End XCBuildConfiguration section */

/* Begin XCConfigurationList section */
		DB3ABBB01A879A3F000AAB55 /* Build configuration list for PBXProject "SwiftTest" */ = {
			isa = XCConfigurationList;
			buildConfigurations = (
				DB3ABBD21A879A3F000AAB55 /* Debug */,
				DB3ABBD31A879A3F000AAB55 /* Release */,
			);
			defaultConfigurationIsVisible = 0;
			defaultConfigurationName = Release;
		};
		DB3ABBD41A879A3F000AAB55 /* Build configuration list for PBXNativeTarget "SwiftTest" */ = {
			isa = XCConfigurationList;
			buildConfigurations = (
				DB3ABBD51A879A3F000AAB55 /* Debug */,
				DB3ABBD61A879A3F000AAB55 /* Release */,
			);
			defaultConfigurationIsVisible = 0;
		};
		DB3ABBD71A879A3F000AAB55 /* Build configuration list for PBXNativeTarget "SwiftTestTests" */ = {
			isa = XCConfigurationList;
			buildConfigurations = (
				DB3ABBD81A879A3F000AAB55 /* Debug */,
				DB3ABBD91A879A3F000AAB55 /* Release */,
			);
			defaultConfigurationIsVisible = 0;
		};
/* End XCConfigurationList section */
	};
	rootObject = DB3ABBAD1A879A3F000AAB55 /* Project object */;
}
